Microsoft Visual Studio Solution File, Format Version 11.00
# Visual Studio 2008

Project("{0153FC27-0FD3-19F5-856F-73F284FD36C6}") = "MatrixVive", "Assembly-CSharp-firstpass.csproj", "{7121A521-A69F-6B70-1F8B-85E48964AFAC}"
EndProject
Project("{0153FC27-0FD3-19F5-856F-73F284FD36C6}") = "MatrixVive", "Assembly-CSharp.csproj", "{A5963269-9A50-FFEE-AC3F-9547E083E66A}"
EndProject
Project("{0153FC27-0FD3-19F5-856F-73F284FD36C6}") = "MatrixVive", "Assembly-CSharp-Editor.csproj", "{1D7AC97D-780B-B42F-5217-6DB2065B3AEB}"
EndProject
Global
	GlobalSection(SolutionConfigurationPlatforms) = preSolution
		Debug|Any CPU = Debug|Any CPU
		Release|Any CPU = Release|Any CPU
	EndGlobalSection
	GlobalSection(ProjectConfigurationPlatforms) = postSolution
		{7121A521-A69F-6B70-1F8B-85E48964AFAC}.Debug|Any CPU.ActiveCfg = Debug|Any CPU
		{7121A521-A69F-6B70-1F8B-85E48964AFAC}.Debug|Any CPU.Build.0 = Debug|Any CPU
		{7121A521-A69F-6B70-1F8B-85E48964AFAC}.Release|Any CPU.ActiveCfg = Release|Any CPU
		{7121A521-A69F-6B70-1F8B-85E48964AFAC}.Release|Any CPU.Build.0 = Release|Any CPU
		{A5963269-9A50-FFEE-AC3F-9547E083E66A}.Debug|Any CPU.ActiveCfg = Debug|Any CPU
		{A5963269-9A50-FFEE-AC3F-9547E083E66A}.Debug|Any CPU.Build.0 = Debug|Any CPU
		{A5963269-9A50-FFEE-AC3F-9547E083E66A}.Release|Any CPU.ActiveCfg = Release|Any CPU
		{A5963269-9A50-FFEE-AC3F-9547E083E66A}.Release|Any CPU.Build.0 = Release|Any CPU
		{1D7AC97D-780B-B42F-5217-6DB2065B3AEB}.Debug|Any CPU.ActiveCfg = Debug|Any CPU
		{1D7AC97D-780B-B42F-5217-6DB2065B3AEB}.Debug|Any CPU.Build.0 = Debug|Any CPU
		{1D7AC97D-780B-B42F-5217-6DB2065B3AEB}.Release|Any CPU.ActiveCfg = Release|Any CPU
		{1D7AC97D-780B-B42F-5217-6DB2065B3AEB}.Release|Any CPU.Build.0 = Release|Any CPU
	EndGlobalSection
	GlobalSection(SolutionProperties) = preSolution
		HideSolutionNode = FALSE
	EndGlobalSection
	GlobalSection(MonoDevelopProperties) = preSolution
		StartupItem = Assembly-CSharp.csproj
	EndGlobalSection
EndGlobal
